GEM
  remote: https://rubygems.org/
  specs:
    addressable (2.8.8)
      public_suffix (>= 2.0.2, < 8.0)
    ast (2.4.3)
    base64 (0.3.0)
    bigdecimal (3.3.1)
    connection_pool (2.5.5)
    csv (3.3.5)
    date (3.5.0)
    domain_name (0.6.20240107)
    http-cookie (1.1.0)
      domain_name (~> 0.5)
    httparty (0.23.2)
      csv
      mini_mime (>= 1.0.0)
      multi_xml (>= 0.5.2)
    json (2.16.0)
    language_server-protocol (3.17.0.5)
    lint_roller (1.1.0)
    logger (1.7.0)
    mail (2.9.0)
      logger
      mini_mime (>= 0.1.1)
      net-imap
      net-pop
      net-smtp
    mechanize (2.14.0)
      addressable (~> 2.8)
      base64
      domain_name (~> 0.5, >= 0.5.20190701)
      http-cookie (~> 1.0, >= 1.0.3)
      mime-types (~> 3.3)
      net-http-digest_auth (~> 1.4, >= 1.4.1)
      net-http-persistent (>= 2.5.2, < 5.0.dev)
      nkf
      nokogiri (~> 1.11, >= 1.11.2)
      rubyntlm (~> 0.6, >= 0.6.3)
      webrick (~> 1.7)
      webrobots (~> 0.1.2)
    mime-types (3.7.0)
      logger
      mime-types-data (~> 3.2025, >= 3.2025.0507)
    mime-types-data (3.2025.0924)
    mini_mime (1.1.5)
    multi_xml (0.7.2)
      bigdecimal (~> 3.1)
    net-http-digest_auth (1.4.1)
    net-http-persistent (4.0.6)
      connection_pool (~> 2.2, >= 2.2.4)
    net-imap (0.5.12)
      date
      net-protocol
    net-pop (0.1.2)
      net-protocol
    net-protocol (0.2.2)
      timeout
    net-smtp (0.5.1)
      net-protocol
    nkf (0.2.0)
    nokogiri (1.18.10-x64-mingw-ucrt)
      racc (~> 1.4)
    parallel (1.27.0)
    parser (3.3.10.0)
      ast (~> 2.4.1)
      racc
    pony (1.13.1)
      mail (>= 2.0)
    prism (1.6.0)
    public_suffix (7.0.0)
    racc (1.8.1)
    rack (3.2.4)
    rainbow (3.1.1)
    rake (13.3.1)
    redis-client (0.26.1)
      connection_pool
    regexp_parser (2.11.3)
    rubocop (1.81.7)
      json (~> 2.3)
      language_server-protocol (~> 3.17.0.2)
      lint_roller (~> 1.1.0)
      parallel (~> 1.10)
      parser (>= 3.3.0.2)
      rainbow (>= 2.2.2, < 4.0)
      regexp_parser (>= 2.9.3, < 3.0)
      rubocop-ast (>= 1.47.1, < 2.0)
      ruby-progressbar (~> 1.7)
      unicode-display_width (>= 2.4.0, < 4.0)
    rubocop-ast (1.48.0)
      parser (>= 3.3.7.2)
      prism (~> 1.4)
    ruby-progressbar (1.13.0)
    rubyntlm (0.6.5)
      base64
    sidekiq (8.0.9)
      connection_pool (>= 2.5.0)
      json (>= 2.9.0)
      logger (>= 1.6.2)
      rack (>= 3.1.0)
      redis-client (>= 0.23.2)
    sqlite3 (2.8.0-x64-mingw-ucrt)
    timeout (0.4.4)
    unicode-display_width (3.2.0)
      unicode-emoji (~> 4.1)
    unicode-emoji (4.1.0)
    webrick (1.9.2)
    webrobots (0.1.2)
    zip (2.0.2)

PLATFORMS
  x64-mingw-ucrt

DEPENDENCIES
  httparty
  mechanize
  nokogiri
  pony
  rake
  rubocop
  sidekiq
  sqlite3
  zip

BUNDLED WITH
   2.7.2
